
Microsoft Visual Studio Solution File, Format Version 12.00
# Visual Studio Version 17
VisualStudioVersion = 17.0.31903.59
MinimumVisualStudioVersion = 10.0.40219.1
Project("{FAE04EC0-301F-11D3-BF4B-00C04F79EFBC}") = "UserDataStore.MySql", "UserDataStore.MySql\UserDataStore.MySql.csproj", "{078CD7F0-751A-4AA8-B0A0-00E65B6898B8}"
EndProject
Global
	GlobalSection(SolutionConfigurationPlatforms) = preSolution
		Debug|Any CPU = Debug|Any CPU
		Release|Any CPU = Release|Any CPU
	EndGlobalSection
	GlobalSection(ProjectConfigurationPlatforms) = postSolution
		{078CD7F0-751A-4AA8-B0A0-00E65B6898B8}.Debug|Any CPU.ActiveCfg = Debug|Any CPU
		{078CD7F0-751A-4AA8-B0A0-00E65B6898B8}.Debug|Any CPU.Build.0 = Debug|Any CPU
		{078CD7F0-751A-4AA8-B0A0-00E65B6898B8}.Release|Any CPU.ActiveCfg = Release|Any CPU
		{078CD7F0-751A-4AA8-B0A0-00E65B6898B8}.Release|Any CPU.Build.0 = Release|Any CPU
	EndGlobalSection
	GlobalSection(SolutionProperties) = preSolution
		HideSolutionNode = FALSE
	EndGlobalSection
	GlobalSection(ExtensibilityGlobals) = postSolution
		SolutionGuid = {B546761D-8841-4961-93DA-0D9960D5D12D}
	EndGlobalSection
EndGlobal
